
Microsoft Visual Studio Solution File, Format Version 12.00
# Visual Studio Version 17
VisualStudioVersion = 17.14.37411.7 d17.14
MinimumVisualStudioVersion = 10.0.40219.1
Project("{FAE04EC0-301F-11D3-BF4B-00C04F79EFBC}") = "ILovePDF", "ILovePDF.csproj", "{3776F323-0896-4014-A827-502B6D1D88FA}"
EndProject
Global
	GlobalSection(SolutionConfigurationPlatforms) = preSolution
		Debug|Any CPU = Debug|Any CPU
		Release|Any CPU = Release|Any CPU
	EndGlobalSection
	GlobalSection(ProjectConfigurationPlatforms) = postSolution
		{3776F323-0896-4014-A827-502B6D1D88FA}.Debug|Any CPU.ActiveCfg = Debug|Any CPU
		{3776F323-0896-4014-A827-502B6D1D88FA}.Debug|Any CPU.Build.0 = Debug|Any CPU
		{3776F323-0896-4014-A827-502B6D1D88FA}.Release|Any CPU.ActiveCfg = Release|Any CPU
		{3776F323-0896-4014-A827-502B6D1D88FA}.Release|Any CPU.Build.0 = Release|Any CPU
	EndGlobalSection
	GlobalSection(SolutionProperties) = preSolution
		HideSolutionNode = FALSE
	EndGlobalSection
	GlobalSection(ExtensibilityGlobals) = postSolution
		SolutionGuid = {A281AB9E-B849-4CD5-A7F6-D9569A5D4C35}
	EndGlobalSection
EndGlobal
